# This file is automatically @generated by Cargo.
# It is not intended for manual editing.
version = 3

[[package]]
name = "tuiwave"
version = "0.1.0"
dependencies = [
 "vcd",
]

[[package]]
name = "vcd"
version = "0.7.0"
source = "registry+https://github.com/rust-lang/crates.io-index"
checksum = "4505774fc84de82eb04caa74d859342b0daa376f4c6df45149593245dd62c004"
